
Microsoft Visual Studio Solution File, Format Version 12.00
# Visual Studio Version 16
VisualStudioVersion = 16.0.30907.101
MinimumVisualStudioVersion = 10.0.40219.1
Project("{FAE04EC0-301F-11D3-BF4B-00C04F79EFBC}") = "Tercera semana", "Tercera semana\Tercera semana.csproj", "{78149B28-FE08-4D8D-A703-BDF17C7842BA}"
EndProject
Project("{FAE04EC0-301F-11D3-BF4B-00C04F79EFBC}") = "Ejercicio 5-6 pagina 110", "Ejercicio 5-6 pagina 110\Ejercicio 5-6 pagina 110.csproj", "{59066930-10BA-4217-A950-827B5F765199}"
EndProject
Global
	GlobalSection(SolutionConfigurationPlatforms) = preSolution
		Debug|Any CPU = Debug|Any CPU
		Release|Any CPU = Release|Any CPU
	EndGlobalSection
	GlobalSection(ProjectConfigurationPlatforms) = postSolution
		{78149B28-FE08-4D8D-A703-BDF17C7842BA}.Debug|Any CPU.ActiveCfg = Debug|Any CPU
		{78149B28-FE08-4D8D-A703-BDF17C7842BA}.Debug|Any CPU.Build.0 = Debug|Any CPU
		{78149B28-FE08-4D8D-A703-BDF17C7842BA}.Release|Any CPU.ActiveCfg = Release|Any CPU
		{78149B28-FE08-4D8D-A703-BDF17C7842BA}.Release|Any CPU.Build.0 = Release|Any CPU
		{59066930-10BA-4217-A950-827B5F765199}.Debug|Any CPU.ActiveCfg = Debug|Any CPU
		{59066930-10BA-4217-A950-827B5F765199}.Debug|Any CPU.Build.0 = Debug|Any CPU
		{59066930-10BA-4217-A950-827B5F765199}.Release|Any CPU.ActiveCfg = Release|Any CPU
		{59066930-10BA-4217-A950-827B5F765199}.Release|Any CPU.Build.0 = Release|Any CPU
	EndGlobalSection
	GlobalSection(SolutionProperties) = preSolution
		HideSolutionNode = FALSE
	EndGlobalSection
	GlobalSection(ExtensibilityGlobals) = postSolution
		SolutionGuid = {C25849E9-E4EB-4283-AEDC-A7D5C429A6AF}
	EndGlobalSection
EndGlobal
